
Microsoft Visual Studio Solution File, Format Version 12.00
# Visual Studio 15
VisualStudioVersion = 15.0.28010.2003
MinimumVisualStudioVersion = 10.0.40219.1
Project("{FAE04EC0-301F-11D3-BF4B-00C04F79EFBC}") = "NumberSquaresProject", "NumberSquaresProject\NumberSquaresProject.csproj", "{A962B098-C56F-422D-981D-543F38F2BF37}"
EndProject
Global
	GlobalSection(SolutionConfigurationPlatforms) = preSolution
		Debug|Any CPU = Debug|Any CPU
		Release|Any CPU = Release|Any CPU
	EndGlobalSection
	GlobalSection(ProjectConfigurationPlatforms) = postSolution
		{A962B098-C56F-422D-981D-543F38F2BF37}.Debug|Any CPU.ActiveCfg = Debug|Any CPU
		{A962B098-C56F-422D-981D-543F38F2BF37}.Debug|Any CPU.Build.0 = Debug|Any CPU
		{A962B098-C56F-422D-981D-543F38F2BF37}.Release|Any CPU.ActiveCfg = Release|Any CPU
		{A962B098-C56F-422D-981D-543F38F2BF37}.Release|Any CPU.Build.0 = Release|Any CPU
	EndGlobalSection
	GlobalSection(SolutionProperties) = preSolution
		HideSolutionNode = FALSE
	EndGlobalSection
	GlobalSection(ExtensibilityGlobals) = postSolution
		SolutionGuid = {15CC5D42-15B2-4F4A-B3E8-3668DB1B0203}
	EndGlobalSection
EndGlobal
